// !$*UTF8*$!
{
	archiveVersion = 1;
	classes = {
	};
	objectVersion = 50;
	objects = {

/* Begin PBXBuildFile section */
		53EE401EF051532FEA85C62A /* Pods_FamilyTreeView.framework in Frameworks */ = {isa = PBXBuildFile; fileRef = D63D678A0A1D7F795A82164E /* Pods_FamilyTreeView.framework */; };
		EDA61548244060D1002DF0A3 /* AppDelegate.swift in Sources */ = {isa = PBXBuildFile; fileRef = EDA61547244060D1002DF0A3 /* AppDelegate.swift */; };
		EDA6154A244060D1002DF0A3 /* SceneDelegate.swift in Sources */ = {isa = PBXBuildFile; fileRef = EDA61549244060D1002DF0A3 /* SceneDelegate.swift */; };
		EDA6154C244060D1002DF0A3 /* ViewController.swift in Sources */ = {isa = PBXBuildFile; fileRef = EDA6154B244060D1002DF0A3 /* ViewController.swift */; };
		EDA6154F244060D1002DF0A3 /* Main.storyboard in Resources */ = {isa = PBXBuildFile; fileRef = EDA6154D244060D1002DF0A3 /* Main.storyboard */; };
		EDA61551244060D2002DF0A3 /* Assets.xcassets in Resources */ = {isa = PBXBuildFile; fileRef = EDA61550244060D2002DF0A3 /* Assets.xcassets */; };
		EDA61554244060D2002DF0A3 /* LaunchScreen.storyboard in Resources */ = {isa = PBXBuildFile; fileRef = EDA61552244060D2002DF0A3 /* LaunchScreen.storyboard */; };
/* End PBXBuildFile section */

/* Begin PBXFileReference section */
		0D37A3C8D68841B89467C8EF /* Pods-FamilyTreeView.debug.xcconfig */ = {isa = PBXFileReference; includeInIndex = 1; lastKnownFileType = text.xcconfig; name = "Pods-FamilyTreeView.debug.xcconfig"; path = "Target Support Files/Pods-FamilyTreeView/Pods-FamilyTreeView.debug.xcconfig"; sourceTree = "<group>"; };
		C61B72B81DF67B13FA3EA1C0 /* Pods-FamilyTreeView.release.xcconfig */ = {isa = PBXFileReference; includeInIndex = 1; lastKnownFileType = text.xcconfig; name = "Pods-FamilyTreeView.release.xcconfig"; path = "Target Support Files/Pods-FamilyTreeView/Pods-FamilyTreeView.release.xcconfig"; sourceTree = "<group>"; };
		D63D678A0A1D7F795A82164E /* Pods_FamilyTreeView.framework */ = {isa = PBXFileReference; explicitFileType = wrapper.framework; includeInIndex = 0; path = Pods_FamilyTreeView.framework; sourceTree = BUILT_PRODUCTS_DIR; };
		EDA61544244060D1002DF0A3 /* FamilyTreeView.app */ = {isa = PBXFileReference; explicitFileType = wrapper.application; includeInIndex = 0; path = FamilyTreeView.app; sourceTree = BUILT_PRODUCTS_DIR; };
		EDA61547244060D1002DF0A3 /* AppDelegate.swift */ = {isa = PBXFileReference; lastKnownFileType = sourcecode.swift; path = AppDelegate.swift; sourceTree = "<group>"; };
		EDA61549244060D1002DF0A3 /* SceneDelegate.swift */ = {isa = PBXFileReference; lastKnownFileType = sourcecode.swift; path = SceneDelegate.swift; sourceTree = "<group>"; };
		EDA6154B244060D1002DF0A3 /* ViewController.swift */ = {isa = PBXFileReference; lastKnownFileType = sourcecode.swift; path = ViewController.swift; sourceTree = "<group>"; };
		EDA6154E244060D1002DF0A3 /* Base */ = {isa = PBXFileReference; lastKnownFileType = file.storyboard; name = Base; path = Base.lproj/Main.storyboard; sourceTree = "<group>"; };
		EDA61550244060D2002DF0A3 /* Assets.xcassets */ = {isa = PBXFileReference; lastKnownFileType = folder.assetcatalog; path = Assets.xcassets; sourceTree = "<group>"; };
		EDA61553244060D2002DF0A3 /* Base */ = {isa = PBXFileReference; lastKnownFileType = file.storyboard; name = Base; path = Base.lproj/LaunchScreen.storyboard; sourceTree = "<group>"; };
		EDA61555244060D2002DF0A3 /* Info.plist */ = {isa = PBXFileReference; lastKnownFileType = text.plist.xml; path = Info.plist; sourceTree = "<group>"; };
/* End PBXFileReference section */

/* Begin PBXFrameworksBuildPhase section */
		EDA61541244060D1002DF0A3 /* Frameworks */ = {
			isa = PBXFrameworksBuildPhase;
			buildActionMask = 2147483647;
			files = (
				53EE401EF051532FEA85C62A /* Pods_FamilyTreeView.framework in Frameworks */,
			);
			runOnlyForDeploymentPostprocessing = 0;
		};
/* End PBXFrameworksBuildPhase section */

/* Begin PBXGroup section */
		586E1E12B357209B9A820F67 /* Pods */ = {
			isa = PBXGroup;
			children = (
				0D37A3C8D68841B89467C8EF /* Pods-FamilyTreeView.debug.xcconfig */,
				C61B72B81DF67B13FA3EA1C0 /* Pods-FamilyTreeView.release.xcconfig */,
			);
			name = Pods;
			path = Pods;
			sourceTree = "<group>";
		};
		5E1E25BCDC6E1E0A466A7955 /* Frameworks */ = {
			isa = PBXGroup;
			children = (
				D63D678A0A1D7F795A82164E /* Pods_FamilyTreeView.framework */,
			);
			name = Frameworks;
			sourceTree = "<group>";
		};
		EDA6153B244060D1002DF0A3 = {
			isa = PBXGroup;
			children = (
				EDA61546244060D1002DF0A3 /* FamilyTreeView */,
				EDA61545244060D1002DF0A3 /* Products */,
				586E1E12B357209B9A820F67 /* Pods */,
				5E1E25BCDC6E1E0A466A7955 /* Frameworks */,
			);
			sourceTree = "<group>";
		};
		EDA61545244060D1002DF0A3 /* Products */ = {
			isa = PBXGroup;
			children = (
				EDA61544244060D1002DF0A3 /* FamilyTreeView.app */,
			);
			name = Products;
			sourceTree = "<group>";
		};
		EDA61546244060D1002DF0A3 /* FamilyTreeView */ = {
			isa = PBXGroup;
			children = (
				EDA61547244060D1002DF0A3 /* AppDelegate.swift */,
				EDA61549244060D1002DF0A3 /* SceneDelegate.swift */,
				EDA6154B244060D1002DF0A3 /* ViewController.swift */,
				EDA6154D244060D1002DF0A3 /* Main.storyboard */,
				EDA61550244060D2002DF0A3 /* Assets.xcassets */,
				EDA61552244060D2002DF0A3 /* LaunchScreen.storyboard */,
				EDA61555244060D2002DF0A3 /* Info.plist */,
			);
			path = FamilyTreeView;
			sourceTree = "<group>";
		};
/* End PBXGroup section */

/* Begin PBXNativeTarget section */
		EDA61543244060D1002DF0A3 /* FamilyTreeView */ = {
			isa = PBXNativeTarget;
			buildConfigurationList = EDA61558244060D2002DF0A3 /* Build configuration list for PBXNativeTarget "FamilyTreeView" */;
			buildPhases = (
				9C59E81BD4DEA9D7858593E5 /* [CP] Check Pods Manifest.lock */,
				EDA61540244060D1002DF0A3 /* Sources */,
				EDA61541244060D1002DF0A3 /* Frameworks */,
				EDA61542244060D1002DF0A3 /* Resources */,
				BB1CB14AD36D3404A697B48B /* [CP] Embed Pods Frameworks */,
			);
			buildRules = (
			);
			dependencies = (
			);
			name = FamilyTreeView;
			productName = FamilyTreeView;
			productReference = EDA61544244060D1002DF0A3 /* FamilyTreeView.app */;
			productType = "com.apple.product-type.application";
		};
/* End PBXNativeTarget section */

/* Begin PBXProject section */
		EDA6153C244060D1002DF0A3 /* Project object */ = {
			isa = PBXProject;
			attributes = {
				LastSwiftUpdateCheck = 1130;
				LastUpgradeCheck = 1130;
				ORGANIZATIONNAME = ZLX;
				TargetAttributes = {
					EDA61543244060D1002DF0A3 = {
						CreatedOnToolsVersion = 11.3.1;
					};
				};
			};
			buildConfigurationList = EDA6153F244060D1002DF0A3 /* Build configuration list for PBXProject "FamilyTreeView" */;
			compatibilityVersion = "Xcode 9.3";
			developmentRegion = en;
			hasScannedForEncodings = 0;
			knownRegions = (
				en,
				Base,
			);
			mainGroup = EDA6153B244060D1002DF0A3;
			productRefGroup = EDA61545244060D1002DF0A3 /* Products */;
			projectDirPath = "";
			projectRoot = "";
			targets = (
				EDA61543244060D1002DF0A3 /* FamilyTreeView */,
			);
		};
/* End PBXProject section */

/* Begin PBXResourcesBuildPhase section */
		EDA61542244060D1002DF0A3 /* Resources */ = {
			isa = PBXResourcesBuildPhase;
			buildActionMask = 2147483647;
			files = (
				EDA61554244060D2002DF0A3 /* LaunchScreen.storyboard in Resources */,
				EDA61551244060D2002DF0A3 /* Assets.xcassets in Resources */,
				EDA6154F244060D1002DF0A3 /* Main.storyboard in Resources */,
			);
			runOnlyForDeploymentPostprocessing = 0;
		};
/* End PBXResourcesBuildPhase section */

/* Begin PBXShellScriptBuildPhase section */
		9C59E81BD4DEA9D7858593E5 /* [CP] Check Pods Manifest.lock */ = {
			isa = PBXShellScriptBuildPhase;
			buildActionMask = 2147483647;
			files = (
			);
			inputFileListPaths = (
			);
			inputPaths = (
				"${PODS_PODFILE_DIR_PATH}/Podfile.lock",
				"${PODS_ROOT}/Manifest.lock",
			);
			name = "[CP] Check Pods Manifest.lock";
			outputFileListPaths = (
			);
			outputPaths = (
				"$(DERIVED_FILE_DIR)/Pods-FamilyTreeView-checkManifestLockResult.txt",
			);
			runOnlyForDeploymentPostprocessing = 0;
			shellPath = /bin/sh;
			shellScript = "diff \"${PODS_PODFILE_DIR_PATH}/Podfile.lock\" \"${PODS_ROOT}/Manifest.lock\" > /dev/null\nif [ $? != 0 ] ; then\n    # print error to STDERR\n    echo \"error: The sandbox is not in sync with the Podfile.lock. Run 'pod install' or update your CocoaPods installation.\" >&2\n    exit 1\nfi\n# This output is used by Xcode 'outputs' to avoid re-running this script phase.\necho \"SUCCESS\" > \"${SCRIPT_OUTPUT_FILE_0}\"\n";
			showEnvVarsInLog = 0;
		};
		BB1CB14AD36D3404A697B48B /* [CP] Embed Pods Frameworks */ = {
			isa = PBXShellScriptBuildPhase;
			buildActionMask = 2147483647;
			files = (
			);
			inputFileListPaths = (
				"${PODS_ROOT}/Target Support Files/Pods-FamilyTreeView/Pods-FamilyTreeView-frameworks-${CONFIGURATION}-input-files.xcfilelist",
			);
			name = "[CP] Embed Pods Frameworks";
			outputFileListPaths = (
				"${PODS_ROOT}/Target Support Files/Pods-FamilyTreeView/Pods-FamilyTreeView-frameworks-${CONFIGURATION}-output-files.xcfilelist",
			);
			runOnlyForDeploymentPostprocessing = 0;
			shellPath = /bin/sh;
			shellScript = "\"${PODS_ROOT}/Target Support Files/Pods-FamilyTreeView/Pods-FamilyTreeView-frameworks.sh\"\n";
			showEnvVarsInLog = 0;
		};
/* End PBXShellScriptBuildPhase section */

/* Begin PBXSourcesBuildPhase section */
		EDA61540244060D1002DF0A3 /* Sources */ = {
			isa = PBXSourcesBuildPhase;
			buildActionMask = 2147483647;
			files = (
				EDA6154C244060D1002DF0A3 /* ViewController.swift in Sources */,
				EDA61548244060D1002DF0A3 /* AppDelegate.swift in Sources */,
				EDA6154A244060D1002DF0A3 /* SceneDelegate.swift in Sources */,
			);
			runOnlyForDeploymentPostprocessing = 0;
		};
/* End PBXSourcesBuildPhase section */

/* Begin PBXVariantGroup section */
		EDA6154D244060D1002DF0A3 /* Main.storyboard */ = {
			isa = PBXVariantGroup;
			children = (
				EDA6154E244060D1002DF0A3 /* Base */,
			);
			name = Main.storyboard;
			sourceTree = "<group>";
		};
		EDA61552244060D2002DF0A3 /* LaunchScreen.storyboard */ = {
			isa = PBXVariantGroup;
			children = (
				EDA61553244060D2002DF0A3 /* Base */,
			);
			name = LaunchScreen.storyboard;
			sourceTree = "<group>";
		};
/* End PBXVariantGroup section */

/* Begin XCBuildConfiguration section */
		EDA61556244060D2002DF0A3 /* Debug */ = {
			isa = XCBuildConfiguration;
			buildSettings = {
				ALWAYS_SEARCH_USER_PATHS = NO;
				CLANG_ANALYZER_NONNULL = YES;
				CLANG_ANALYZER_NUMBER_OBJECT_CONVERSION = YES_AGGRESSIVE;
				CLANG_CXX_LANGUAGE_STANDARD = "gnu++14";
				CLANG_CXX_LIBRARY = "libc++";
				CLANG_ENABLE_MODULES = YES;
				CLANG_ENABLE_OBJC_ARC = YES;
				CLANG_ENABLE_OBJC_WEAK = YES;
				CLANG_WARN_BLOCK_CAPTURE_AUTORELEASING = YES;
				CLANG_WARN_BOOL_CONVERSION = YES;
				CLANG_WARN_COMMA = YES;
				CLANG_WARN_CONSTANT_CONVERSION = YES;
				CLANG_WARN_DEPRECATED_OBJC_IMPLEMENTATIONS = YES;
				CLANG_WARN_DIRECT_OBJC_ISA_USAGE = YES_ERROR;
				CLANG_WARN_DOCUMENTATION_COMMENTS = YES;
				CLANG_WARN_EMPTY_BODY = YES;
				CLANG_WARN_ENUM_CONVERSION = YES;
				CLANG_WARN_INFINITE_RECURSION = YES;
				CLANG_WARN_INT_CONVERSION = YES;
				CLANG_WARN_NON_LITERAL_NULL_CONVERSION = YES;
				CLANG_WARN_OBJC_IMPLICIT_RETAIN_SELF = YES;
				CLANG_WARN_OBJC_LITERAL_CONVERSION = YES;
				CLANG_WARN_OBJC_ROOT_CLASS = YES_ERROR;
				CLANG_WARN_RANGE_LOOP_ANALYSIS = YES;
				CLANG_WARN_STRICT_PROTOTYPES = YES;
				CLANG_WARN_SUSPICIOUS_MOVE = YES;
				CLANG_WARN_UNGUARDED_AVAILABILITY = YES_AGGRESSIVE;
				CLANG_WARN_UNREACHABLE_CODE = YES;
				CLANG_WARN__DUPLICATE_METHOD_MATCH = YES;
				COPY_PHASE_STRIP = NO;
				DEBUG_INFORMATION_FORMAT = dwarf;
				ENABLE_STRICT_OBJC_MSGSEND = YES;
				ENABLE_TESTABILITY = YES;
				GCC_C_LANGUAGE_STANDARD = gnu11;
				GCC_DYNAMIC_NO_PIC = NO;
				GCC_NO_COMMON_BLOCKS = YES;
				GCC_OPTIMIZATION_LEVEL = 0;
				GCC_PREPROCESSOR_DEFINITIONS = (
					"DEBUG=1",
					"$(inherited)",
				);
				GCC_WARN_64_TO_32_BIT_CONVERSION = YES;
				GCC_WARN_ABOUT_RETURN_TYPE = YES_ERROR;
				GCC_WARN_UNDECLARED_SELECTOR = YES;
				GCC_WARN_UNINITIALIZED_AUTOS = YES_AGGRESSIVE;
				GCC_WARN_UNUSED_FUNCTION = YES;
				GCC_WARN_UNUSED_VARIABLE = YES;
				IPHONEOS_DEPLOYMENT_TARGET = 13.2;
				MTL_ENABLE_DEBUG_INFO = INCLUDE_SOURCE;
				MTL_FAST_MATH = YES;
				ONLY_ACTIVE_ARCH = YES;
				SDKROOT = iphoneos;
				SWIFT_ACTIVE_COMPILATION_CONDITIONS = DEBUG;
				SWIFT_OPTIMIZATION_LEVEL = "-Onone";
			};
			name = Debug;
		};
		EDA61557244060D2002DF0A3 /* Release */ = {
			isa = XCBuildConfiguration;
			buildSettings = {
				ALWAYS_SEARCH_USER_PATHS = NO;
				CLANG_ANALYZER_NONNULL = YES;
				CLANG_ANALYZER_NUMBER_OBJECT_CONVERSION = YES_AGGRESSIVE;
				CLANG_CXX_LANGUAGE_STANDARD = "gnu++14";
				CLANG_CXX_LIBRARY = "libc++";
				CLANG_ENABLE_MODULES = YES;
				CLANG_ENABLE_OBJC_ARC = YES;
				CLANG_ENABLE_OBJC_WEAK = YES;
				CLANG_WARN_BLOCK_CAPTURE_AUTORELEASING = YES;
				CLANG_WARN_BOOL_CONVERSION = YES;
				CLANG_WARN_COMMA = YES;
				CLANG_WARN_CONSTANT_CONVERSION = YES;
				CLANG_WARN_DEPRECATED_OBJC_IMPLEMENTATIONS = YES;
				CLANG_WARN_DIRECT_OBJC_ISA_USAGE = YES_ERROR;
				CLANG_WARN_DOCUMENTATION_COMMENTS = YES;
				CLANG_WARN_EMPTY_BODY = YES;
				CLANG_WARN_ENUM_CONVERSION = YES;
				CLANG_WARN_INFINITE_RECURSION = YES;
				CLANG_WARN_INT_CONVERSION = YES;
				CLANG_WARN_NON_LITERAL_NULL_CONVERSION = YES;
				CLANG_WARN_OBJC_IMPLICIT_RETAIN_SELF = YES;
				CLANG_WARN_OBJC_LITERAL_CONVERSION = YES;
				CLANG_WARN_OBJC_ROOT_CLASS = YES_ERROR;
				CLANG_WARN_RANGE_LOOP_ANALYSIS = YES;
				CLANG_WARN_STRICT_PROTOTYPES = YES;
				CLANG_WARN_SUSPICIOUS_MOVE = YES;
				CLANG_WARN_UNGUARDED_AVAILABILITY = YES_AGGRESSIVE;
				CLANG_WARN_UNREACHABLE_CODE = YES;
				CLANG_WARN__DUPLICATE_METHOD_MATCH = YES;
				COPY_PHASE_STRIP = NO;
				DEBUG_INFORMATION_FORMAT = "dwarf-with-dsym";
				ENABLE_NS_ASSERTIONS = NO;
				ENABLE_STRICT_OBJC_MSGSEND = YES;
				GCC_C_LANGUAGE_STANDARD = gnu11;
				GCC_NO_COMMON_BLOCKS = YES;
				GCC_WARN_64_TO_32_BIT_CONVERSION = YES;
				GCC_WARN_ABOUT_RETURN_TYPE = YES_ERROR;
				GCC_WARN_UNDECLARED_SELECTOR = YES;
				GCC_WARN_UNINITIALIZED_AUTOS = YES_AGGRESSIVE;
				GCC_WARN_UNUSED_FUNCTION = YES;
				GCC_WARN_UNUSED_VARIABLE = YES;
				IPHONEOS_DEPLOYMENT_TARGET = 13.2;
				MTL_ENABLE_DEBUG_INFO = NO;
				MTL_FAST_MATH = YES;
				SDKROOT = iphoneos;
				SWIFT_COMPILATION_MODE = wholemodule;
				SWIFT_OPTIMIZATION_LEVEL = "-O";
				VALIDATE_PRODUCT = YES;
			};
			name = Release;
		};
		EDA61559244060D2002DF0A3 /* Debug */ = {
			isa = XCBuildConfiguration;
			baseConfigurationReference = 0D37A3C8D68841B89467C8EF /* Pods-FamilyTreeView.debug.xcconfig */;
			buildSettings = {
				ASSETCATALOG_COMPILER_APPICON_NAME = AppIcon;
				CODE_SIGN_STYLE = Automatic;
				DEVELOPMENT_TEAM = WDD6N94Y3C;
				INFOPLIST_FILE = FamilyTreeView/Info.plist;
				LD_RUNPATH_SEARCH_PATHS = (
					"$(inherited)",
					"@executable_path/Frameworks",
				);
				PRODUCT_BUNDLE_IDENTIFIER = com.Swift.FamilyTreeView;
				PRODUCT_NAME = "$(TARGET_NAME)";
				SWIFT_VERSION = 5.0;
				TARGETED_DEVICE_FAMILY = "1,2";
			};
			name = Debug;
		};
		EDA6155A244060D2002DF0A3 /* Release */ = {
			isa = XCBuildConfiguration;
			baseConfigurationReference = C61B72B81DF67B13FA3EA1C0 /* Pods-FamilyTreeView.release.xcconfig */;
			buildSettings = {
				ASSETCATALOG_COMPILER_APPICON_NAME = AppIcon;
				CODE_SIGN_STYLE = Automatic;
				DEVELOPMENT_TEAM = WDD6N94Y3C;
				INFOPLIST_FILE = FamilyTreeView/Info.plist;
				LD_RUNPATH_SEARCH_PATHS = (
					"$(inherited)",
					"@executable_path/Frameworks",
				);
				PRODUCT_BUNDLE_IDENTIFIER = com.Swift.FamilyTreeView;
				PRODUCT_NAME = "$(TARGET_NAME)";
				SWIFT_VERSION = 5.0;
				TARGETED_DEVICE_FAMILY = "1,2";
			};
			name = Release;
		};
/* End XCBuildConfiguration section */

/* Begin XCConfigurationList section */
		EDA6153F244060D1002DF0A3 /* Build configuration list for PBXProject "FamilyTreeView" */ = {
			isa = XCConfigurationList;
			buildConfigurations = (
				EDA61556244060D2002DF0A3 /* Debug */,
				EDA61557244060D2002DF0A3 /* Release */,
			);
			defaultConfigurationIsVisible = 0;
			defaultConfigurationName = Release;
		};
		EDA61558244060D2002DF0A3 /* Build configuration list for PBXNativeTarget "FamilyTreeView" */ = {
			isa = XCConfigurationList;
			buildConfigurations = (
				EDA61559244060D2002DF0A3 /* Debug */,
				EDA6155A244060D2002DF0A3 /* Release */,
			);
			defaultConfigurationIsVisible = 0;
			defaultConfigurationName = Release;
		};
/* End XCConfigurationList section */
	};
	rootObject = EDA6153C244060D1002DF0A3 /* Project object */;
}
